Microsoft Visual Studio Solution File, Format Version 12.00
# Visual Studio Version 17
VisualStudioVersion = 17.0.31903.59
MinimumVisualStudioVersion = 10.0.40219.1
Project("{9A19103F-16F7-4668-BE54-9A1E7A4F7556}") = "Platform.Api", "Platform.Api\Platform.Api.csproj", "{A4C4645D-7C8F-4CBA-A8AA-8E2C0E772A9A}"
EndProject
Project("{FAE04EC0-301F-11D3-BF4B-00C04F79EFBC}") = "Platform.Application", "Platform.Application\Platform.Application.csproj", "{B4C4645D-7C8F-4CBA-A8AA-8E2C0E772A9B}"
EndProject
Project("{FAE04EC0-301F-11D3-BF4B-00C04F79EFBC}") = "Platform.Domain", "Platform.Domain\Platform.Domain.csproj", "{C4C4645D-7C8F-4CBA-A8AA-8E2C0E772A9C}"
EndProject
Project("{FAE04EC0-301F-11D3-BF4B-00C04F79EFBC}") = "Platform.Infrastructure", "Platform.Infrastructure\Platform.Infrastructure.csproj", "{D4C4645D-7C8F-4CBA-A8AA-8E2C0E772A9D}"
EndProject
Global
	GlobalSection(SolutionConfigurationPlatforms) = preSolution
		Debug|Any CPU = Debug|Any CPU
		Release|Any CPU = Release|Any CPU
	EndGlobalSection
	GlobalSection(ProjectConfigurationPlatforms) = postSolution
		{A4C4645D-7C8F-4CBA-A8AA-8E2C0E772A9A}.Debug|Any CPU.ActiveCfg = Debug|Any CPU
		{A4C4645D-7C8F-4CBA-A8AA-8E2C0E772A9A}.Debug|Any CPU.Build.0 = Debug|Any CPU
		{A4C4645D-7C8F-4CBA-A8AA-8E2C0E772A9A}.Release|Any CPU.ActiveCfg = Release|Any CPU
		{A4C4645D-7C8F-4CBA-A8AA-8E2C0E772A9A}.Release|Any CPU.Build.0 = Release|Any CPU
		{B4C4645D-7C8F-4CBA-A8AA-8E2C0E772A9B}.Debug|Any CPU.ActiveCfg = Debug|Any CPU
		{B4C4645D-7C8F-4CBA-A8AA-8E2C0E772A9B}.Debug|Any CPU.Build.0 = Debug|Any CPU
		{B4C4645D-7C8F-4CBA-A8AA-8E2C0E772A9B}.Release|Any CPU.ActiveCfg = Release|Any CPU
		{B4C4645D-7C8F-4CBA-A8AA-8E2C0E772A9B}.Release|Any CPU.Build.0 = Release|Any CPU
		{C4C4645D-7C8F-4CBA-A8AA-8E2C0E772A9C}.Debug|Any CPU.ActiveCfg = Debug|Any CPU
		{C4C4645D-7C8F-4CBA-A8AA-8E2C0E772A9C}.Debug|Any CPU.Build.0 = Debug|Any CPU
		{C4C4645D-7C8F-4CBA-A8AA-8E2C0E772A9C}.Release|Any CPU.ActiveCfg = Release|Any CPU
		{C4C4645D-7C8F-4CBA-A8AA-8E2C0E772A9C}.Release|Any CPU.Build.0 = Release|Any CPU
		{D4C4645D-7C8F-4CBA-A8AA-8E2C0E772A9D}.Debug|Any CPU.ActiveCfg = Debug|Any CPU
		{D4C4645D-7C8F-4CBA-A8AA-8E2C0E772A9D}.Debug|Any CPU.Build.0 = Debug|Any CPU
		{D4C4645D-7C8F-4CBA-A8AA-8E2C0E772A9D}.Release|Any CPU.ActiveCfg = Release|Any CPU
		{D4C4645D-7C8F-4CBA-A8AA-8E2C0E772A9D}.Release|Any CPU.Build.0 = Release|Any CPU
	EndGlobalSection
	GlobalSection(SolutionProperties) = preSolution
		HideSolutionNode = FALSE
	EndGlobalSection
	GlobalSection(ExtensibilityGlobals) = postSolution
		SolutionGuid = {E48CF8C6-3232-4862-8321-72327C682798}
	EndGlobalSection
EndGlobal